
Microsoft Visual Studio Solution File, Format Version 12.00
# Visual Studio Version 17
VisualStudioVersion = 17.8.34511.84
MinimumVisualStudioVersion = 10.0.40219.1
Project("{FAE04EC0-301F-11D3-BF4B-00C04F79EFBC}") = "MergeFGDTool", "MergeFGDTool\MergeFGDTool.csproj", "{7CFBCC77-8BD8-4198-9481-BD0D8AD55348}"
EndProject
Global
	GlobalSection(SolutionConfigurationPlatforms) = preSolution
		Debug|Any CPU = Debug|Any CPU
		Release|Any CPU = Release|Any CPU
	EndGlobalSection
	GlobalSection(ProjectConfigurationPlatforms) = postSolution
		{7CFBCC77-8BD8-4198-9481-BD0D8AD55348}.Debug|Any CPU.ActiveCfg = Debug|Any CPU
		{7CFBCC77-8BD8-4198-9481-BD0D8AD55348}.Debug|Any CPU.Build.0 = Debug|Any CPU
		{7CFBCC77-8BD8-4198-9481-BD0D8AD55348}.Release|Any CPU.ActiveCfg = Release|Any CPU
		{7CFBCC77-8BD8-4198-9481-BD0D8AD55348}.Release|Any CPU.Build.0 = Release|Any CPU
	EndGlobalSection
	GlobalSection(SolutionProperties) = preSolution
		HideSolutionNode = FALSE
	EndGlobalSection
	GlobalSection(ExtensibilityGlobals) = postSolution
		SolutionGuid = {A074CED8-E3BD-4653-A813-A075186D07AF}
	EndGlobalSection
EndGlobal
